[[external_source]]
id = "fkst-packages-platform"
git = "https://github.com/ChronoAIProject/fkst-packages.git"
libraries = []

[external_source.intent]
rev = "ec664e180bb2f6c8df1c5af430a42b64996de8fc"

[external_source.resolved]
rev = "ec664e180bb2f6c8df1c5af430a42b64996de8fc"
tree_sha256 = "sha256-f8334b18c94f6363f28bfca3645c716a2e65b999208c3313592e3ba8ff536ebf"
